
Microsoft Visual Studio Solution File, Format Version 12.00
# Visual Studio Version 16
VisualStudioVersion = 16.0.29905.134
MinimumVisualStudioVersion = 10.0.40219.1
Project("{FAE04EC0-301F-11D3-BF4B-00C04F79EFBC}") = "VisualSatisfactoryCalculator", "VisualSatisfactoryCalculator.csproj", "{8336923C-D5E6-40D3-8EED-C02B9DC3A474}"
EndProject
Project("{FAE04EC0-301F-11D3-BF4B-00C04F79EFBC}") = "VisualSatisfactoryCalculatorUtil", "..\VisualSatisfactoryCalculatorUtil\VisualSatisfactoryCalculatorUtil.csproj", "{63EFDFE4-B46B-473F-9546-1D09B0AA40EE}"
EndProject
Global
	GlobalSection(SolutionConfigurationPlatforms) = preSolution
		Debug|Any CPU = Debug|Any CPU
		Release|Any CPU = Release|Any CPU
	EndGlobalSection
	GlobalSection(ProjectConfigurationPlatforms) = postSolution
		{8336923C-D5E6-40D3-8EED-C02B9DC3A474}.Debug|Any CPU.ActiveCfg = Debug|Any CPU
		{8336923C-D5E6-40D3-8EED-C02B9DC3A474}.Debug|Any CPU.Build.0 = Debug|Any CPU
		{8336923C-D5E6-40D3-8EED-C02B9DC3A474}.Release|Any CPU.ActiveCfg = Release|Any CPU
		{8336923C-D5E6-40D3-8EED-C02B9DC3A474}.Release|Any CPU.Build.0 = Release|Any CPU
		{63EFDFE4-B46B-473F-9546-1D09B0AA40EE}.Debug|Any CPU.ActiveCfg = Debug|Any CPU
		{63EFDFE4-B46B-473F-9546-1D09B0AA40EE}.Debug|Any CPU.Build.0 = Debug|Any CPU
		{63EFDFE4-B46B-473F-9546-1D09B0AA40EE}.Release|Any CPU.ActiveCfg = Release|Any CPU
		{63EFDFE4-B46B-473F-9546-1D09B0AA40EE}.Release|Any CPU.Build.0 = Release|Any CPU
	EndGlobalSection
	GlobalSection(SolutionProperties) = preSolution
		HideSolutionNode = FALSE
	EndGlobalSection
	GlobalSection(ExtensibilityGlobals) = postSolution
		SolutionGuid = {035D0E00-6EAB-41C9-A8B6-41FF1BE1FABC}
	EndGlobalSection
EndGlobal
